// !$*UTF8*$!
{
	archiveVersion = 1;
	classes = {
	};
	objectVersion = 48;
	objects = {

/* Begin PBXBuildFile section */
		5D4B5168AA4A6C2721F34F8B /* Pods__dream_team.framework in Frameworks */ = {isa = PBXBuildFile; fileRef = 6F2C1BA15B79C8F45386551E /* Pods__dream_team.framework */; };
		A93B2D042006506E0036EC17 /* DataService.swift in Sources */ = {isa = PBXBuildFile; fileRef = A93B2D032006506E0036EC17 /* DataService.swift */; };
		A93B2D07200675B10036EC17 /* Colors.swift in Sources */ = {isa = PBXBuildFile; fileRef = A93B2D06200675B10036EC17 /* Colors.swift */; };
		A93EB3DE2004EDE70093CEB0 /* AppDelegate.swift in Sources */ = {isa = PBXBuildFile; fileRef = A93EB3DD2004EDE70093CEB0 /* AppDelegate.swift */; };
		A93EB3E02004EDE70093CEB0 /* FirstViewController.swift in Sources */ = {isa = PBXBuildFile; fileRef = A93EB3DF2004EDE70093CEB0 /* FirstViewController.swift */; };
		A93EB3E22004EDE70093CEB0 /* SecondViewController.swift in Sources */ = {isa = PBXBuildFile; fileRef = A93EB3E12004EDE70093CEB0 /* SecondViewController.swift */; };
		A93EB3E52004EDE70093CEB0 /* Main.storyboard in Resources */ = {isa = PBXBuildFile; fileRef = A93EB3E32004EDE70093CEB0 /* Main.storyboard */; };
		A93EB3E72004EDE70093CEB0 /* Assets.xcassets in Resources */ = {isa = PBXBuildFile; fileRef = A93EB3E62004EDE70093CEB0 /* Assets.xcassets */; };
		A93EB3EA2004EDE70093CEB0 /* LaunchScreen.storyboard in Resources */ = {isa = PBXBuildFile; fileRef = A93EB3E82004EDE70093CEB0 /* LaunchScreen.storyboard */; };
		A93EB3F7200518260093CEB0 /* GoogleService-Info.plist in Resources */ = {isa = PBXBuildFile; fileRef = A93EB3F6200518260093CEB0 /* GoogleService-Info.plist */; };
		A9F6F1DD2008CD6500BE4ADB /* AuthVC.swift in Sources */ = {isa = PBXBuildFile; fileRef = A9F6F1DC2008CD6500BE4ADB /* AuthVC.swift */; };
		A9F6F1DF2008CDE000BE4ADB /* LoginVC.swift in Sources */ = {isa = PBXBuildFile; fileRef = A9F6F1DE2008CDE000BE4ADB /* LoginVC.swift */; };
		A9F6F1E12008CF1E00BE4ADB /* InsetTextField.swift in Sources */ = {isa = PBXBuildFile; fileRef = A9F6F1E02008CF1E00BE4ADB /* InsetTextField.swift */; };
		A9F6F1E32008D2FC00BE4ADB /* ShadowView.swift in Sources */ = {isa = PBXBuildFile; fileRef = A9F6F1E22008D2FC00BE4ADB /* ShadowView.swift */; };
		A9F6F1E52008F2AD00BE4ADB /* AuthService.swift in Sources */ = {isa = PBXBuildFile; fileRef = A9F6F1E42008F2AD00BE4ADB /* AuthService.swift */; };
/* End PBXBuildFile section */

/* Begin PBXFileReference section */
		1C4C95AAB0D99577201F8446 /* Pods-_dream team.release.xcconfig */ = {isa = PBXFileReference; includeInIndex = 1; lastKnownFileType = text.xcconfig; name = "Pods-_dream team.release.xcconfig"; path = "Pods/Target Support Files/Pods-_dream team/Pods-_dream team.release.xcconfig"; sourceTree = "<group>"; };
		6368A311F59D11F5414143FD /* Pods-_dream team.debug.xcconfig */ = {isa = PBXFileReference; includeInIndex = 1; lastKnownFileType = text.xcconfig; name = "Pods-_dream team.debug.xcconfig"; path = "Pods/Target Support Files/Pods-_dream team/Pods-_dream team.debug.xcconfig"; sourceTree = "<group>"; };
		6F2C1BA15B79C8F45386551E /* Pods__dream_team.framework */ = {isa = PBXFileReference; explicitFileType = wrapper.framework; includeInIndex = 0; path = Pods__dream_team.framework; sourceTree = BUILT_PRODUCTS_DIR; };
		A93B2D032006506E0036EC17 /* DataService.swift */ = {isa = PBXFileReference; lastKnownFileType = sourcecode.swift; path = DataService.swift; sourceTree = "<group>"; };
		A93B2D06200675B10036EC17 /* Colors.swift */ = {isa = PBXFileReference; lastKnownFileType = sourcecode.swift; path = Colors.swift; sourceTree = "<group>"; };
		A93EB3DA2004EDE70093CEB0 /* _dream team.app */ = {isa = PBXFileReference; explicitFileType = wrapper.application; includeInIndex = 0; path = "_dream team.app"; sourceTree = BUILT_PRODUCTS_DIR; };
		A93EB3DD2004EDE70093CEB0 /* AppDelegate.swift */ = {isa = PBXFileReference; lastKnownFileType = sourcecode.swift; path = AppDelegate.swift; sourceTree = "<group>"; };
		A93EB3DF2004EDE70093CEB0 /* FirstViewController.swift */ = {isa = PBXFileReference; lastKnownFileType = sourcecode.swift; path = FirstViewController.swift; sourceTree = "<group>"; };
		A93EB3E12004EDE70093CEB0 /* SecondViewController.swift */ = {isa = PBXFileReference; lastKnownFileType = sourcecode.swift; path = SecondViewController.swift; sourceTree = "<group>"; };
		A93EB3E42004EDE70093CEB0 /* Base */ = {isa = PBXFileReference; lastKnownFileType = file.storyboard; name = Base; path = Base.lproj/Main.storyboard; sourceTree = "<group>"; };
		A93EB3E62004EDE70093CEB0 /* Assets.xcassets */ = {isa = PBXFileReference; lastKnownFileType = folder.assetcatalog; path = Assets.xcassets; sourceTree = "<group>"; };
		A93EB3E92004EDE70093CEB0 /* Base */ = {isa = PBXFileReference; lastKnownFileType = file.storyboard; name = Base; path = Base.lproj/LaunchScreen.storyboard; sourceTree = "<group>"; };
		A93EB3EB2004EDE70093CEB0 /* Info.plist */ = {isa = PBXFileReference; lastKnownFileType = text.plist.xml; path = Info.plist; sourceTree = "<group>"; };
		A93EB3F6200518260093CEB0 /* GoogleService-Info.plist */ = {isa = PBXFileReference; fileEncoding = 4; lastKnownFileType = text.plist.xml; path = "GoogleService-Info.plist"; sourceTree = "<group>"; };
		A9F6F1DC2008CD6500BE4ADB /* AuthVC.swift */ = {isa = PBXFileReference; lastKnownFileType = sourcecode.swift; path = AuthVC.swift; sourceTree = "<group>"; };
		A9F6F1DE2008CDE000BE4ADB /* LoginVC.swift */ = {isa = PBXFileReference; lastKnownFileType = sourcecode.swift; path = LoginVC.swift; sourceTree = "<group>"; };
		A9F6F1E02008CF1E00BE4ADB /* InsetTextField.swift */ = {isa = PBXFileReference; lastKnownFileType = sourcecode.swift; path = InsetTextField.swift; sourceTree = "<group>"; };
		A9F6F1E22008D2FC00BE4ADB /* ShadowView.swift */ = {isa = PBXFileReference; lastKnownFileType = sourcecode.swift; path = ShadowView.swift; sourceTree = "<group>"; };
		A9F6F1E42008F2AD00BE4ADB /* AuthService.swift */ = {isa = PBXFileReference; lastKnownFileType = sourcecode.swift; path = AuthService.swift; sourceTree = "<group>"; };
/* End PBXFileReference section */

/* Begin PBXFrameworksBuildPhase section */
		A93EB3D72004EDE70093CEB0 /* Frameworks */ = {
			isa = PBXFrameworksBuildPhase;
			buildActionMask = 2147483647;
			files = (
				5D4B5168AA4A6C2721F34F8B /* Pods__dream_team.framework in Frameworks */,
			);
			runOnlyForDeploymentPostprocessing = 0;
		};
/* End PBXFrameworksBuildPhase section */

/* Begin PBXGroup section */
		5862EBF82A4FF5835FD759B9 /* Pods */ = {
			isa = PBXGroup;
			children = (
				6368A311F59D11F5414143FD /* Pods-_dream team.debug.xcconfig */,
				1C4C95AAB0D99577201F8446 /* Pods-_dream team.release.xcconfig */,
			);
			name = Pods;
			sourceTree = "<group>";
		};
		A93B2D05200675990036EC17 /* Const */ = {
			isa = PBXGroup;
			children = (
				A93B2D06200675B10036EC17 /* Colors.swift */,
			);
			path = Const;
			sourceTree = "<group>";
		};
		A93EB3D12004EDE70093CEB0 = {
			isa = PBXGroup;
			children = (
				A93EB3DC2004EDE70093CEB0 /* _dream team */,
				A93EB3DB2004EDE70093CEB0 /* Products */,
				5862EBF82A4FF5835FD759B9 /* Pods */,
				B78812F76BBDD2800C74D76A /* Frameworks */,
			);
			sourceTree = "<group>";
		};
		A93EB3DB2004EDE70093CEB0 /* Products */ = {
			isa = PBXGroup;
			children = (
				A93EB3DA2004EDE70093CEB0 /* _dream team.app */,
			);
			name = Products;
			sourceTree = "<group>";
		};
		A93EB3DC2004EDE70093CEB0 /* _dream team */ = {
			isa = PBXGroup;
			children = (
				A93B2D05200675990036EC17 /* Const */,
				A93EB3F52004F2990093CEB0 /* Services */,
				A93EB3F42004F2720093CEB0 /* Extensions */,
				A93EB3F32004F25B0093CEB0 /* Model */,
				A93EB3F22004F2540093CEB0 /* View */,
				A93EB3F12004F2330093CEB0 /* Controller */,
				A93EB3DD2004EDE70093CEB0 /* AppDelegate.swift */,
				A93EB3E32004EDE70093CEB0 /* Main.storyboard */,
				A93EB3E62004EDE70093CEB0 /* Assets.xcassets */,
				A93EB3E82004EDE70093CEB0 /* LaunchScreen.storyboard */,
				A93EB3EB2004EDE70093CEB0 /* Info.plist */,
				A93EB3F6200518260093CEB0 /* GoogleService-Info.plist */,
			);
			path = "_dream team";
			sourceTree = "<group>";
		};
		A93EB3F12004F2330093CEB0 /* Controller */ = {
			isa = PBXGroup;
			children = (
				A93EB3E12004EDE70093CEB0 /* SecondViewController.swift */,
				A93EB3DF2004EDE70093CEB0 /* FirstViewController.swift */,
				A9F6F1DC2008CD6500BE4ADB /* AuthVC.swift */,
				A9F6F1DE2008CDE000BE4ADB /* LoginVC.swift */,
			);
			path = Controller;
			sourceTree = "<group>";
		};
		A93EB3F22004F2540093CEB0 /* View */ = {
			isa = PBXGroup;
			children = (
				A9F6F1E02008CF1E00BE4ADB /* InsetTextField.swift */,
				A9F6F1E22008D2FC00BE4ADB /* ShadowView.swift */,
			);
			path = View;
			sourceTree = "<group>";
		};
		A93EB3F32004F25B0093CEB0 /* Model */ = {
			isa = PBXGroup;
			children = (
			);
			path = Model;
			sourceTree = "<group>";
		};
		A93EB3F42004F2720093CEB0 /* Extensions */ = {
			isa = PBXGroup;
			children = (
			);
			path = Extensions;
			sourceTree = "<group>";
		};
		A93EB3F52004F2990093CEB0 /* Services */ = {
			isa = PBXGroup;
			children = (
				A93B2D032006506E0036EC17 /* DataService.swift */,
				A9F6F1E42008F2AD00BE4ADB /* AuthService.swift */,
			);
			path = Services;
			sourceTree = "<group>";
		};
		B78812F76BBDD2800C74D76A /* Frameworks */ = {
			isa = PBXGroup;
			children = (
				6F2C1BA15B79C8F45386551E /* Pods__dream_team.framework */,
			);
			name = Frameworks;
			sourceTree = "<group>";
		};
/* End PBXGroup section */

/* Begin PBXNativeTarget section */
		A93EB3D92004EDE70093CEB0 /* _dream team */ = {
			isa = PBXNativeTarget;
			buildConfigurationList = A93EB3EE2004EDE70093CEB0 /* Build configuration list for PBXNativeTarget "_dream team" */;
			buildPhases = (
				D3FD2A4D32D11A6D5F18088D /* [CP] Check Pods Manifest.lock */,
				A93EB3D62004EDE70093CEB0 /* Sources */,
				A93EB3D72004EDE70093CEB0 /* Frameworks */,
				A93EB3D82004EDE70093CEB0 /* Resources */,
				8F74F473946864551D0D15DB /* [CP] Embed Pods Frameworks */,
				1357F75B9E4941703F9877F4 /* [CP] Copy Pods Resources */,
			);
			buildRules = (
			);
			dependencies = (
			);
			name = "_dream team";
			productName = "_dream team";
			productReference = A93EB3DA2004EDE70093CEB0 /* _dream team.app */;
			productType = "com.apple.product-type.application";
		};
/* End PBXNativeTarget section */

/* Begin PBXProject section */
		A93EB3D22004EDE70093CEB0 /* Project object */ = {
			isa = PBXProject;
			attributes = {
				LastSwiftUpdateCheck = 0910;
				LastUpgradeCheck = 0910;
				ORGANIZATIONNAME = "Константин Клинов";
				TargetAttributes = {
					A93EB3D92004EDE70093CEB0 = {
						CreatedOnToolsVersion = 9.1;
						ProvisioningStyle = Automatic;
					};
				};
			};
			buildConfigurationList = A93EB3D52004EDE70093CEB0 /* Build configuration list for PBXProject "_dream team" */;
			compatibilityVersion = "Xcode 8.0";
			developmentRegion = en;
			hasScannedForEncodings = 0;
			knownRegions = (
				en,
				Base,
			);
			mainGroup = A93EB3D12004EDE70093CEB0;
			productRefGroup = A93EB3DB2004EDE70093CEB0 /* Products */;
			projectDirPath = "";
			projectRoot = "";
			targets = (
				A93EB3D92004EDE70093CEB0 /* _dream team */,
			);
		};
/* End PBXProject section */

/* Begin PBXResourcesBuildPhase section */
		A93EB3D82004EDE70093CEB0 /* Resources */ = {
			isa = PBXResourcesBuildPhase;
			buildActionMask = 2147483647;
			files = (
				A93EB3EA2004EDE70093CEB0 /* LaunchScreen.storyboard in Resources */,
				A93EB3F7200518260093CEB0 /* GoogleService-Info.plist in Resources */,
				A93EB3E72004EDE70093CEB0 /* Assets.xcassets in Resources */,
				A93EB3E52004EDE70093CEB0 /* Main.storyboard in Resources */,
			);
			runOnlyForDeploymentPostprocessing = 0;
		};
/* End PBXResourcesBuildPhase section */

/* Begin PBXShellScriptBuildPhase section */
		1357F75B9E4941703F9877F4 /* [CP] Copy Pods Resources */ = {
			isa = PBXShellScriptBuildPhase;
			buildActionMask = 2147483647;
			files = (
			);
			inputPaths = (
			);
			name = "[CP] Copy Pods Resources";
			outputPaths = (
			);
			runOnlyForDeploymentPostprocessing = 0;
			shellPath = /bin/sh;
			shellScript = "\"${SRCROOT}/Pods/Target Support Files/Pods-_dream team/Pods-_dream team-resources.sh\"\n";
			showEnvVarsInLog = 0;
		};
		8F74F473946864551D0D15DB /* [CP] Embed Pods Frameworks */ = {
			isa = PBXShellScriptBuildPhase;
			buildActionMask = 2147483647;
			files = (
			);
			inputPaths = (
				"${SRCROOT}/Pods/Target Support Files/Pods-_dream team/Pods-_dream team-frameworks.sh",
				"${BUILT_PRODUCTS_DIR}/GTMSessionFetcher/GTMSessionFetcher.framework",
				"${BUILT_PRODUCTS_DIR}/GoogleToolboxForMac/GoogleToolboxForMac.framework",
				"${BUILT_PRODUCTS_DIR}/leveldb-library/leveldb.framework",
				"${BUILT_PRODUCTS_DIR}/nanopb/nanopb.framework",
			);
			name = "[CP] Embed Pods Frameworks";
			outputPaths = (
				"${TARGET_BUILD_DIR}/${FRAMEWORKS_FOLDER_PATH}/GTMSessionFetcher.framework",
				"${TARGET_BUILD_DIR}/${FRAMEWORKS_FOLDER_PATH}/GoogleToolboxForMac.framework",
				"${TARGET_BUILD_DIR}/${FRAMEWORKS_FOLDER_PATH}/leveldb.framework",
				"${TARGET_BUILD_DIR}/${FRAMEWORKS_FOLDER_PATH}/nanopb.framework",
			);
			runOnlyForDeploymentPostprocessing = 0;
			shellPath = /bin/sh;
			shellScript = "\"${SRCROOT}/Pods/Target Support Files/Pods-_dream team/Pods-_dream team-frameworks.sh\"\n";
			showEnvVarsInLog = 0;
		};
		D3FD2A4D32D11A6D5F18088D /* [CP] Check Pods Manifest.lock */ = {
			isa = PBXShellScriptBuildPhase;
			buildActionMask = 2147483647;
			files = (
			);
			inputPaths = (
				"${PODS_PODFILE_DIR_PATH}/Podfile.lock",
				"${PODS_ROOT}/Manifest.lock",
			);
			name = "[CP] Check Pods Manifest.lock";
			outputPaths = (
				"$(DERIVED_FILE_DIR)/Pods-_dream team-checkManifestLockResult.txt",
			);
			runOnlyForDeploymentPostprocessing = 0;
			shellPath = /bin/sh;
			shellScript = "diff \"${PODS_PODFILE_DIR_PATH}/Podfile.lock\" \"${PODS_ROOT}/Manifest.lock\" > /dev/null\nif [ $? != 0 ] ; then\n    # print error to STDERR\n    echo \"error: The sandbox is not in sync with the Podfile.lock. Run 'pod install' or update your CocoaPods installation.\" >&2\n    exit 1\nfi\n# This output is used by Xcode 'outputs' to avoid re-running this script phase.\necho \"SUCCESS\" > \"${SCRIPT_OUTPUT_FILE_0}\"\n";
			showEnvVarsInLog = 0;
		};
/* End PBXShellScriptBuildPhase section */

/* Begin PBXSourcesBuildPhase section */
		A93EB3D62004EDE70093CEB0 /* Sources */ = {
			isa = PBXSourcesBuildPhase;
			buildActionMask = 2147483647;
			files = (
				A9F6F1E32008D2FC00BE4ADB /* ShadowView.swift in Sources */,
				A9F6F1DD2008CD6500BE4ADB /* AuthVC.swift in Sources */,
				A93EB3E22004EDE70093CEB0 /* SecondViewController.swift in Sources */,
				A9F6F1DF2008CDE000BE4ADB /* LoginVC.swift in Sources */,
				A9F6F1E12008CF1E00BE4ADB /* InsetTextField.swift in Sources */,
				A93B2D07200675B10036EC17 /* Colors.swift in Sources */,
				A93EB3DE2004EDE70093CEB0 /* AppDelegate.swift in Sources */,
				A9F6F1E52008F2AD00BE4ADB /* AuthService.swift in Sources */,
				A93EB3E02004EDE70093CEB0 /* FirstViewController.swift in Sources */,
				A93B2D042006506E0036EC17 /* DataService.swift in Sources */,
			);
			runOnlyForDeploymentPostprocessing = 0;
		};
/* End PBXSourcesBuildPhase section */

/* Begin PBXVariantGroup section */
		A93EB3E32004EDE70093CEB0 /* Main.storyboard */ = {
			isa = PBXVariantGroup;
			children = (
				A93EB3E42004EDE70093CEB0 /* Base */,
			);
			name = Main.storyboard;
			sourceTree = "<group>";
		};
		A93EB3E82004EDE70093CEB0 /* LaunchScreen.storyboard */ = {
			isa = PBXVariantGroup;
			children = (
				A93EB3E92004EDE70093CEB0 /* Base */,
			);
			name = LaunchScreen.storyboard;
			sourceTree = "<group>";
		};
/* End PBXVariantGroup section */

/* Begin XCBuildConfiguration section */
		A93EB3EC2004EDE70093CEB0 /* Debug */ = {
			isa = XCBuildConfiguration;
			buildSettings = {
				ALWAYS_SEARCH_USER_PATHS = NO;
				CLANG_ANALYZER_NONNULL = YES;
				CLANG_ANALYZER_NUMBER_OBJECT_CONVERSION = YES_AGGRESSIVE;
				CLANG_CXX_LANGUAGE_STANDARD = "gnu++14";
				CLANG_CXX_LIBRARY = "libc++";
				CLANG_ENABLE_MODULES = YES;
				CLANG_ENABLE_OBJC_ARC = YES;
				CLANG_WARN_BLOCK_CAPTURE_AUTORELEASING = YES;
				CLANG_WARN_BOOL_CONVERSION = YES;
				CLANG_WARN_COMMA = YES;
				CLANG_WARN_CONSTANT_CONVERSION = YES;
				CLANG_WARN_DIRECT_OBJC_ISA_USAGE = YES_ERROR;
				CLANG_WARN_DOCUMENTATION_COMMENTS = YES;
				CLANG_WARN_EMPTY_BODY = YES;
				CLANG_WARN_ENUM_CONVERSION = YES;
				CLANG_WARN_INFINITE_RECURSION = YES;
				CLANG_WARN_INT_CONVERSION = YES;
				CLANG_WARN_NON_LITERAL_NULL_CONVERSION = YES;
				CLANG_WARN_OBJC_LITERAL_CONVERSION = YES;
				CLANG_WARN_OBJC_ROOT_CLASS = YES_ERROR;
				CLANG_WARN_RANGE_LOOP_ANALYSIS = YES;
				CLANG_WARN_STRICT_PROTOTYPES = YES;
				CLANG_WARN_SUSPICIOUS_MOVE = YES;
				CLANG_WARN_UNGUARDED_AVAILABILITY = YES_AGGRESSIVE;
				CLANG_WARN_UNREACHABLE_CODE = YES;
				CLANG_WARN__DUPLICATE_METHOD_MATCH = YES;
				CODE_SIGN_IDENTITY = "iPhone Developer";
				COPY_PHASE_STRIP = NO;
				DEBUG_INFORMATION_FORMAT = dwarf;
				ENABLE_STRICT_OBJC_MSGSEND = YES;
				ENABLE_TESTABILITY = YES;
				GCC_C_LANGUAGE_STANDARD = gnu11;
				GCC_DYNAMIC_NO_PIC = NO;
				GCC_NO_COMMON_BLOCKS = YES;
				GCC_OPTIMIZATION_LEVEL = 0;
				GCC_PREPROCESSOR_DEFINITIONS = (
					"DEBUG=1",
					"$(inherited)",
				);
				GCC_WARN_64_TO_32_BIT_CONVERSION = YES;
				GCC_WARN_ABOUT_RETURN_TYPE = YES_ERROR;
				GCC_WARN_UNDECLARED_SELECTOR = YES;
				GCC_WARN_UNINITIALIZED_AUTOS = YES_AGGRESSIVE;
				GCC_WARN_UNUSED_FUNCTION = YES;
				GCC_WARN_UNUSED_VARIABLE = YES;
				IPHONEOS_DEPLOYMENT_TARGET = 11.1;
				MTL_ENABLE_DEBUG_INFO = YES;
				ONLY_ACTIVE_ARCH = YES;
				SDKROOT = iphoneos;
				SWIFT_ACTIVE_COMPILATION_CONDITIONS = DEBUG;
				SWIFT_OPTIMIZATION_LEVEL = "-Onone";
			};
			name = Debug;
		};
		A93EB3ED2004EDE70093CEB0 /* Release */ = {
			isa = XCBuildConfiguration;
			buildSettings = {
				ALWAYS_SEARCH_USER_PATHS = NO;
				CLANG_ANALYZER_NONNULL = YES;
				CLANG_ANALYZER_NUMBER_OBJECT_CONVERSION = YES_AGGRESSIVE;
				CLANG_CXX_LANGUAGE_STANDARD = "gnu++14";
				CLANG_CXX_LIBRARY = "libc++";
				CLANG_ENABLE_MODULES = YES;
				CLANG_ENABLE_OBJC_ARC = YES;
				CLANG_WARN_BLOCK_CAPTURE_AUTORELEASING = YES;
				CLANG_WARN_BOOL_CONVERSION = YES;
				CLANG_WARN_COMMA = YES;
				CLANG_WARN_CONSTANT_CONVERSION = YES;
				CLANG_WARN_DIRECT_OBJC_ISA_USAGE = YES_ERROR;
				CLANG_WARN_DOCUMENTATION_COMMENTS = YES;
				CLANG_WARN_EMPTY_BODY = YES;
				CLANG_WARN_ENUM_CONVERSION = YES;
				CLANG_WARN_INFINITE_RECURSION = YES;
				CLANG_WARN_INT_CONVERSION = YES;
				CLANG_WARN_NON_LITERAL_NULL_CONVERSION = YES;
				CLANG_WARN_OBJC_LITERAL_CONVERSION = YES;
				CLANG_WARN_OBJC_ROOT_CLASS = YES_ERROR;
				CLANG_WARN_RANGE_LOOP_ANALYSIS = YES;
				CLANG_WARN_STRICT_PROTOTYPES = YES;
				CLANG_WARN_SUSPICIOUS_MOVE = YES;
				CLANG_WARN_UNGUARDED_AVAILABILITY = YES_AGGRESSIVE;
				CLANG_WARN_UNREACHABLE_CODE = YES;
				CLANG_WARN__DUPLICATE_METHOD_MATCH = YES;
				CODE_SIGN_IDENTITY = "iPhone Developer";
				COPY_PHASE_STRIP = NO;
				DEBUG_INFORMATION_FORMAT = "dwarf-with-dsym";
				ENABLE_NS_ASSERTIONS = NO;
				ENABLE_STRICT_OBJC_MSGSEND = YES;
				GCC_C_LANGUAGE_STANDARD = gnu11;
				GCC_NO_COMMON_BLOCKS = YES;
				GCC_WARN_64_TO_32_BIT_CONVERSION = YES;
				GCC_WARN_ABOUT_RETURN_TYPE = YES_ERROR;
				GCC_WARN_UNDECLARED_SELECTOR = YES;
				GCC_WARN_UNINITIALIZED_AUTOS = YES_AGGRESSIVE;
				GCC_WARN_UNUSED_FUNCTION = YES;
				GCC_WARN_UNUSED_VARIABLE = YES;
				IPHONEOS_DEPLOYMENT_TARGET = 11.1;
				MTL_ENABLE_DEBUG_INFO = NO;
				SDKROOT = iphoneos;
				SWIFT_OPTIMIZATION_LEVEL = "-Owholemodule";
				VALIDATE_PRODUCT = YES;
			};
			name = Release;
		};
		A93EB3EF2004EDE70093CEB0 /* Debug */ = {
			isa = XCBuildConfiguration;
			baseConfigurationReference = 6368A311F59D11F5414143FD /* Pods-_dream team.debug.xcconfig */;
			buildSettings = {
				ASSETCATALOG_COMPILER_APPICON_NAME = AppIcon;
				CODE_SIGN_STYLE = Automatic;
				INFOPLIST_FILE = "_dream team/Info.plist";
				LD_RUNPATH_SEARCH_PATHS = "$(inherited) @executable_path/Frameworks";
				PRODUCT_BUNDLE_IDENTIFIER = "KKi.-dream-team";
				PRODUCT_NAME = "$(TARGET_NAME)";
				SWIFT_VERSION = 4.0;
				TARGETED_DEVICE_FAMILY = "1,2";
			};
			name = Debug;
		};
		A93EB3F02004EDE70093CEB0 /* Release */ = {
			isa = XCBuildConfiguration;
			baseConfigurationReference = 1C4C95AAB0D99577201F8446 /* Pods-_dream team.release.xcconfig */;
			buildSettings = {
				ASSETCATALOG_COMPILER_APPICON_NAME = AppIcon;
				CODE_SIGN_STYLE = Automatic;
				INFOPLIST_FILE = "_dream team/Info.plist";
				LD_RUNPATH_SEARCH_PATHS = "$(inherited) @executable_path/Frameworks";
				PRODUCT_BUNDLE_IDENTIFIER = "KKi.-dream-team";
				PRODUCT_NAME = "$(TARGET_NAME)";
				SWIFT_VERSION = 4.0;
				TARGETED_DEVICE_FAMILY = "1,2";
			};
			name = Release;
		};
/* End XCBuildConfiguration section */

/* Begin XCConfigurationList section */
		A93EB3D52004EDE70093CEB0 /* Build configuration list for PBXProject "_dream team" */ = {
			isa = XCConfigurationList;
			buildConfigurations = (
				A93EB3EC2004EDE70093CEB0 /* Debug */,
				A93EB3ED2004EDE70093CEB0 /* Release */,
			);
			defaultConfigurationIsVisible = 0;
			defaultConfigurationName = Release;
		};
		A93EB3EE2004EDE70093CEB0 /* Build configuration list for PBXNativeTarget "_dream team" */ = {
			isa = XCConfigurationList;
			buildConfigurations = (
				A93EB3EF2004EDE70093CEB0 /* Debug */,
				A93EB3F02004EDE70093CEB0 /* Release */,
			);
			defaultConfigurationIsVisible = 0;
			defaultConfigurationName = Release;
		};
/* End XCConfigurationList section */
	};
	rootObject = A93EB3D22004EDE70093CEB0 /* Project object */;
}
